// !$*UTF8*$!
{
	archiveVersion = 1;
	classes = {
	};
	objectVersion = 50;
	objects = {

/* Begin PBXBuildFile section */
		E076176724D9AC5700CC87E3 /* AppDelegate.swift in Sources */ = {isa = PBXBuildFile; fileRef = E076176624D9AC5700CC87E3 /* AppDelegate.swift */; };
		E076176924D9AC5700CC87E3 /* SceneDelegate.swift in Sources */ = {isa = PBXBuildFile; fileRef = E076176824D9AC5700CC87E3 /* SceneDelegate.swift */; };
		E076176B24D9AC5700CC87E3 /* ViewController.swift in Sources */ = {isa = PBXBuildFile; fileRef = E076176A24D9AC5700CC87E3 /* ViewController.swift */; };
		E076176E24D9AC5700CC87E3 /* Main.storyboard in Resources */ = {isa = PBXBuildFile; fileRef = E076176C24D9AC5700CC87E3 /* Main.storyboard */; };
		E076177024D9AC5900CC87E3 /* Assets.xcassets in Resources */ = {isa = PBXBuildFile; fileRef = E076176F24D9AC5900CC87E3 /* Assets.xcassets */; };
		E076177324D9AC5900CC87E3 /* LaunchScreen.storyboard in Resources */ = {isa = PBXBuildFile; fileRef = E076177124D9AC5900CC87E3 /* LaunchScreen.storyboard */; };
		E076177B24D9ACD700CC87E3 /* TriangleShaders.metal in Sources */ = {isa = PBXBuildFile; fileRef = E076177A24D9ACD700CC87E3 /* TriangleShaders.metal */; };
		E076178224D9AD1900CC87E3 /* Renderer.swift in Sources */ = {isa = PBXBuildFile; fileRef = E076178124D9AD1900CC87E3 /* Renderer.swift */; };
/* End PBXBuildFile section */

/* Begin PBXFileReference section */
		E076176324D9AC5700CC87E3 /* Triangle.app */ = {isa = PBXFileReference; explicitFileType = wrapper.application; includeInIndex = 0; path = Triangle.app; sourceTree = BUILT_PRODUCTS_DIR; };
		E076176624D9AC5700CC87E3 /* AppDelegate.swift */ = {isa = PBXFileReference; lastKnownFileType = sourcecode.swift; path = AppDelegate.swift; sourceTree = "<group>"; };
		E076176824D9AC5700CC87E3 /* SceneDelegate.swift */ = {isa = PBXFileReference; lastKnownFileType = sourcecode.swift; path = SceneDelegate.swift; sourceTree = "<group>"; };
		E076176A24D9AC5700CC87E3 /* ViewController.swift */ = {isa = PBXFileReference; lastKnownFileType = sourcecode.swift; path = ViewController.swift; sourceTree = "<group>"; };
		E076176D24D9AC5700CC87E3 /* Base */ = {isa = PBXFileReference; lastKnownFileType = file.storyboard; name = Base; path = Base.lproj/Main.storyboard; sourceTree = "<group>"; };
		E076176F24D9AC5900CC87E3 /* Assets.xcassets */ = {isa = PBXFileReference; lastKnownFileType = folder.assetcatalog; path = Assets.xcassets; sourceTree = "<group>"; };
		E076177224D9AC5900CC87E3 /* Base */ = {isa = PBXFileReference; lastKnownFileType = file.storyboard; name = Base; path = Base.lproj/LaunchScreen.storyboard; sourceTree = "<group>"; };
		E076177424D9AC5900CC87E3 /* Info.plist */ = {isa = PBXFileReference; lastKnownFileType = text.plist.xml; path = Info.plist; sourceTree = "<group>"; };
		E076177A24D9ACD700CC87E3 /* TriangleShaders.metal */ = {isa = PBXFileReference; lastKnownFileType = sourcecode.metal; path = TriangleShaders.metal; sourceTree = "<group>"; };
		E076177C24D9ACEA00CC87E3 /* Triangle-Bridging-Header.h */ = {isa = PBXFileReference; lastKnownFileType = sourcecode.c.h; path = "Triangle-Bridging-Header.h"; sourceTree = "<group>"; };
		E076178024D9AD0400CC87E3 /* TriangleShaderTypes.h */ = {isa = PBXFileReference; lastKnownFileType = sourcecode.c.h; path = TriangleShaderTypes.h; sourceTree = "<group>"; };
		E076178124D9AD1900CC87E3 /* Renderer.swift */ = {isa = PBXFileReference; lastKnownFileType = sourcecode.swift; path = Renderer.swift; sourceTree = "<group>"; };
/* End PBXFileReference section */

/* Begin PBXFrameworksBuildPhase section */
		E076176024D9AC5700CC87E3 /* Frameworks */ = {
			isa = PBXFrameworksBuildPhase;
			buildActionMask = 2147483647;
			files = (
			);
			runOnlyForDeploymentPostprocessing = 0;
		};
/* End PBXFrameworksBuildPhase section */

/* Begin PBXGroup section */
		E02C324C24DA246600B6E26C /* Renderer */ = {
			isa = PBXGroup;
			children = (
				E076178124D9AD1900CC87E3 /* Renderer.swift */,
				E076178024D9AD0400CC87E3 /* TriangleShaderTypes.h */,
				E076177A24D9ACD700CC87E3 /* TriangleShaders.metal */,
			);
			path = Renderer;
			sourceTree = "<group>";
		};
		E076175A24D9AC5700CC87E3 = {
			isa = PBXGroup;
			children = (
				E076176524D9AC5700CC87E3 /* Triangle */,
				E076176424D9AC5700CC87E3 /* Products */,
			);
			sourceTree = "<group>";
		};
		E076176424D9AC5700CC87E3 /* Products */ = {
			isa = PBXGroup;
			children = (
				E076176324D9AC5700CC87E3 /* Triangle.app */,
			);
			name = Products;
			sourceTree = "<group>";
		};
		E076176524D9AC5700CC87E3 /* Triangle */ = {
			isa = PBXGroup;
			children = (
				E02C324C24DA246600B6E26C /* Renderer */,
				E076176624D9AC5700CC87E3 /* AppDelegate.swift */,
				E076176824D9AC5700CC87E3 /* SceneDelegate.swift */,
				E076176A24D9AC5700CC87E3 /* ViewController.swift */,
				E076177C24D9ACEA00CC87E3 /* Triangle-Bridging-Header.h */,
				E076176C24D9AC5700CC87E3 /* Main.storyboard */,
				E076176F24D9AC5900CC87E3 /* Assets.xcassets */,
				E076177124D9AC5900CC87E3 /* LaunchScreen.storyboard */,
				E076177424D9AC5900CC87E3 /* Info.plist */,
			);
			path = Triangle;
			sourceTree = "<group>";
		};
/* End PBXGroup section */

/* Begin PBXNativeTarget section */
		E076176224D9AC5700CC87E3 /* Triangle */ = {
			isa = PBXNativeTarget;
			buildConfigurationList = E076177724D9AC5900CC87E3 /* Build configuration list for PBXNativeTarget "Triangle" */;
			buildPhases = (
				E076175F24D9AC5700CC87E3 /* Sources */,
				E076176024D9AC5700CC87E3 /* Frameworks */,
				E076176124D9AC5700CC87E3 /* Resources */,
			);
			buildRules = (
			);
			dependencies = (
			);
			name = Triangle;
			productName = Triangle;
			productReference = E076176324D9AC5700CC87E3 /* Triangle.app */;
			productType = "com.apple.product-type.application";
		};
/* End PBXNativeTarget section */

/* Begin PBXProject section */
		E076175B24D9AC5700CC87E3 /* Project object */ = {
			isa = PBXProject;
			attributes = {
				LastSwiftUpdateCheck = 1160;
				LastUpgradeCheck = 1160;
				ORGANIZATIONNAME = little2s;
				TargetAttributes = {
					E076176224D9AC5700CC87E3 = {
						CreatedOnToolsVersion = 11.6;
						LastSwiftMigration = 1160;
					};
				};
			};
			buildConfigurationList = E076175E24D9AC5700CC87E3 /* Build configuration list for PBXProject "Triangle" */;
			compatibilityVersion = "Xcode 9.3";
			developmentRegion = en;
			hasScannedForEncodings = 0;
			knownRegions = (
				en,
				Base,
			);
			mainGroup = E076175A24D9AC5700CC87E3;
			productRefGroup = E076176424D9AC5700CC87E3 /* Products */;
			projectDirPath = "";
			projectRoot = "";
			targets = (
				E076176224D9AC5700CC87E3 /* Triangle */,
			);
		};
/* End PBXProject section */

/* Begin PBXResourcesBuildPhase section */
		E076176124D9AC5700CC87E3 /* Resources */ = {
			isa = PBXResourcesBuildPhase;
			buildActionMask = 2147483647;
			files = (
				E076177324D9AC5900CC87E3 /* LaunchScreen.storyboard in Resources */,
				E076177024D9AC5900CC87E3 /* Assets.xcassets in Resources */,
				E076176E24D9AC5700CC87E3 /* Main.storyboard in Resources */,
			);
			runOnlyForDeploymentPostprocessing = 0;
		};
/* End PBXResourcesBuildPhase section */

/* Begin PBXSourcesBuildPhase section */
		E076175F24D9AC5700CC87E3 /* Sources */ = {
			isa = PBXSourcesBuildPhase;
			buildActionMask = 2147483647;
			files = (
				E076176B24D9AC5700CC87E3 /* ViewController.swift in Sources */,
				E076177B24D9ACD700CC87E3 /* TriangleShaders.metal in Sources */,
				E076176724D9AC5700CC87E3 /* AppDelegate.swift in Sources */,
				E076178224D9AD1900CC87E3 /* Renderer.swift in Sources */,
				E076176924D9AC5700CC87E3 /* SceneDelegate.swift in Sources */,
			);
			runOnlyForDeploymentPostprocessing = 0;
		};
/* End PBXSourcesBuildPhase section */

/* Begin PBXVariantGroup section */
		E076176C24D9AC5700CC87E3 /* Main.storyboard */ = {
			isa = PBXVariantGroup;
			children = (
				E076176D24D9AC5700CC87E3 /* Base */,
			);
			name = Main.storyboard;
			sourceTree = "<group>";
		};
		E076177124D9AC5900CC87E3 /* LaunchScreen.storyboard */ = {
			isa = PBXVariantGroup;
			children = (
				E076177224D9AC5900CC87E3 /* Base */,
			);
			name = LaunchScreen.storyboard;
			sourceTree = "<group>";
		};
/* End PBXVariantGroup section */

/* Begin XCBuildConfiguration section */
		E076177524D9AC5900CC87E3 /* Debug */ = {
			isa = XCBuildConfiguration;
			buildSettings = {
				ALWAYS_SEARCH_USER_PATHS = NO;
				CLANG_ANALYZER_NONNULL = YES;
				CLANG_ANALYZER_NUMBER_OBJECT_CONVERSION = YES_AGGRESSIVE;
				CLANG_CXX_LANGUAGE_STANDARD = "gnu++14";
				CLANG_CXX_LIBRARY = "libc++";
				CLANG_ENABLE_MODULES = YES;
				CLANG_ENABLE_OBJC_ARC = YES;
				CLANG_ENABLE_OBJC_WEAK = YES;
				CLANG_WARN_BLOCK_CAPTURE_AUTORELEASING = YES;
				CLANG_WARN_BOOL_CONVERSION = YES;
				CLANG_WARN_COMMA = YES;
				CLANG_WARN_CONSTANT_CONVERSION = YES;
				CLANG_WARN_DEPRECATED_OBJC_IMPLEMENTATIONS = YES;
				CLANG_WARN_DIRECT_OBJC_ISA_USAGE = YES_ERROR;
				CLANG_WARN_DOCUMENTATION_COMMENTS = YES;
				CLANG_WARN_EMPTY_BODY = YES;
				CLANG_WARN_ENUM_CONVERSION = YES;
				CLANG_WARN_INFINITE_RECURSION = YES;
				CLANG_WARN_INT_CONVERSION = YES;
				CLANG_WARN_NON_LITERAL_NULL_CONVERSION = YES;
				CLANG_WARN_OBJC_IMPLICIT_RETAIN_SELF = YES;
				CLANG_WARN_OBJC_LITERAL_CONVERSION = YES;
				CLANG_WARN_OBJC_ROOT_CLASS = YES_ERROR;
				CLANG_WARN_RANGE_LOOP_ANALYSIS = YES;
				CLANG_WARN_STRICT_PROTOTYPES = YES;
				CLANG_WARN_SUSPICIOUS_MOVE = YES;
				CLANG_WARN_UNGUARDED_AVAILABILITY = YES_AGGRESSIVE;
				CLANG_WARN_UNREACHABLE_CODE = YES;
				CLANG_WARN__DUPLICATE_METHOD_MATCH = YES;
				COPY_PHASE_STRIP = NO;
				DEBUG_INFORMATION_FORMAT = dwarf;
				ENABLE_STRICT_OBJC_MSGSEND = YES;
				ENABLE_TESTABILITY = YES;
				GCC_C_LANGUAGE_STANDARD = gnu11;
				GCC_DYNAMIC_NO_PIC = NO;
				GCC_NO_COMMON_BLOCKS = YES;
				GCC_OPTIMIZATION_LEVEL = 0;
				GCC_PREPROCESSOR_DEFINITIONS = (
					"DEBUG=1",
					"$(inherited)",
				);
				GCC_WARN_64_TO_32_BIT_CONVERSION = YES;
				GCC_WARN_ABOUT_RETURN_TYPE = YES_ERROR;
				GCC_WARN_UNDECLARED_SELECTOR = YES;
				GCC_WARN_UNINITIALIZED_AUTOS = YES_AGGRESSIVE;
				GCC_WARN_UNUSED_FUNCTION = YES;
				GCC_WARN_UNUSED_VARIABLE = YES;
				IPHONEOS_DEPLOYMENT_TARGET = 13.6;
				MTL_ENABLE_DEBUG_INFO = INCLUDE_SOURCE;
				MTL_FAST_MATH = YES;
				ONLY_ACTIVE_ARCH = YES;
				SDKROOT = iphoneos;
				SWIFT_ACTIVE_COMPILATION_CONDITIONS = DEBUG;
				SWIFT_OPTIMIZATION_LEVEL = "-Onone";
			};
			name = Debug;
		};
		E076177624D9AC5900CC87E3 /* Release */ = {
			isa = XCBuildConfiguration;
			buildSettings = {
				ALWAYS_SEARCH_USER_PATHS = NO;
				CLANG_ANALYZER_NONNULL = YES;
				CLANG_ANALYZER_NUMBER_OBJECT_CONVERSION = YES_AGGRESSIVE;
				CLANG_CXX_LANGUAGE_STANDARD = "gnu++14";
				CLANG_CXX_LIBRARY = "libc++";
				CLANG_ENABLE_MODULES = YES;
				CLANG_ENABLE_OBJC_ARC = YES;
				CLANG_ENABLE_OBJC_WEAK = YES;
				CLANG_WARN_BLOCK_CAPTURE_AUTORELEASING = YES;
				CLANG_WARN_BOOL_CONVERSION = YES;
				CLANG_WARN_COMMA = YES;
				CLANG_WARN_CONSTANT_CONVERSION = YES;
				CLANG_WARN_DEPRECATED_OBJC_IMPLEMENTATIONS = YES;
				CLANG_WARN_DIRECT_OBJC_ISA_USAGE = YES_ERROR;
				CLANG_WARN_DOCUMENTATION_COMMENTS = YES;
				CLANG_WARN_EMPTY_BODY = YES;
				CLANG_WARN_ENUM_CONVERSION = YES;
				CLANG_WARN_INFINITE_RECURSION = YES;
				CLANG_WARN_INT_CONVERSION = YES;
				CLANG_WARN_NON_LITERAL_NULL_CONVERSION = YES;
				CLANG_WARN_OBJC_IMPLICIT_RETAIN_SELF = YES;
				CLANG_WARN_OBJC_LITERAL_CONVERSION = YES;
				CLANG_WARN_OBJC_ROOT_CLASS = YES_ERROR;
				CLANG_WARN_RANGE_LOOP_ANALYSIS = YES;
				CLANG_WARN_STRICT_PROTOTYPES = YES;
				CLANG_WARN_SUSPICIOUS_MOVE = YES;
				CLANG_WARN_UNGUARDED_AVAILABILITY = YES_AGGRESSIVE;
				CLANG_WARN_UNREACHABLE_CODE = YES;
				CLANG_WARN__DUPLICATE_METHOD_MATCH = YES;
				COPY_PHASE_STRIP = NO;
				DEBUG_INFORMATION_FORMAT = "dwarf-with-dsym";
				ENABLE_NS_ASSERTIONS = NO;
				ENABLE_STRICT_OBJC_MSGSEND = YES;
				GCC_C_LANGUAGE_STANDARD = gnu11;
				GCC_NO_COMMON_BLOCKS = YES;
				GCC_WARN_64_TO_32_BIT_CONVERSION = YES;
				GCC_WARN_ABOUT_RETURN_TYPE = YES_ERROR;
				GCC_WARN_UNDECLARED_SELECTOR = YES;
				GCC_WARN_UNINITIALIZED_AUTOS = YES_AGGRESSIVE;
				GCC_WARN_UNUSED_FUNCTION = YES;
				GCC_WARN_UNUSED_VARIABLE = YES;
				IPHONEOS_DEPLOYMENT_TARGET = 13.6;
				MTL_ENABLE_DEBUG_INFO = NO;
				MTL_FAST_MATH = YES;
				SDKROOT = iphoneos;
				SWIFT_COMPILATION_MODE = wholemodule;
				SWIFT_OPTIMIZATION_LEVEL = "-O";
				VALIDATE_PRODUCT = YES;
			};
			name = Release;
		};
		E076177824D9AC5900CC87E3 /* Debug */ = {
			isa = XCBuildConfiguration;
			buildSettings = {
				ASSETCATALOG_COMPILER_APPICON_NAME = AppIcon;
				CLANG_ENABLE_MODULES = YES;
				CODE_SIGN_STYLE = Automatic;
				DEVELOPMENT_TEAM = Y74B477B4P;
				INFOPLIST_FILE = Triangle/Info.plist;
				LD_RUNPATH_SEARCH_PATHS = (
					"$(inherited)",
					"@executable_path/Frameworks",
				);
				PRODUCT_BUNDLE_IDENTIFIER = com.little2s.Triangle;
				PRODUCT_NAME = "$(TARGET_NAME)";
				SWIFT_OBJC_BRIDGING_HEADER = "Triangle/Triangle-Bridging-Header.h";
				SWIFT_OPTIMIZATION_LEVEL = "-Onone";
				SWIFT_VERSION = 5.0;
				TARGETED_DEVICE_FAMILY = "1,2";
			};
			name = Debug;
		};
		E076177924D9AC5900CC87E3 /* Release */ = {
			isa = XCBuildConfiguration;
			buildSettings = {
				ASSETCATALOG_COMPILER_APPICON_NAME = AppIcon;
				CLANG_ENABLE_MODULES = YES;
				CODE_SIGN_STYLE = Automatic;
				DEVELOPMENT_TEAM = Y74B477B4P;
				INFOPLIST_FILE = Triangle/Info.plist;
				LD_RUNPATH_SEARCH_PATHS = (
					"$(inherited)",
					"@executable_path/Frameworks",
				);
				PRODUCT_BUNDLE_IDENTIFIER = com.little2s.Triangle;
				PRODUCT_NAME = "$(TARGET_NAME)";
				SWIFT_OBJC_BRIDGING_HEADER = "Triangle/Triangle-Bridging-Header.h";
				SWIFT_VERSION = 5.0;
				TARGETED_DEVICE_FAMILY = "1,2";
			};
			name = Release;
		};
/* End XCBuildConfiguration section */

/* Begin XCConfigurationList section */
		E076175E24D9AC5700CC87E3 /* Build configuration list for PBXProject "Triangle" */ = {
			isa = XCConfigurationList;
			buildConfigurations = (
				E076177524D9AC5900CC87E3 /* Debug */,
				E076177624D9AC5900CC87E3 /* Release */,
			);
			defaultConfigurationIsVisible = 0;
			defaultConfigurationName = Release;
		};
		E076177724D9AC5900CC87E3 /* Build configuration list for PBXNativeTarget "Triangle" */ = {
			isa = XCConfigurationList;
			buildConfigurations = (
				E076177824D9AC5900CC87E3 /* Debug */,
				E076177924D9AC5900CC87E3 /* Release */,
			);
			defaultConfigurationIsVisible = 0;
			defaultConfigurationName = Release;
		};
/* End XCConfigurationList section */
	};
	rootObject = E076175B24D9AC5700CC87E3 /* Project object */;
}
